
Microsoft Visual Studio Solution File, Format Version 12.00
Project("{FAE04EC0-301F-11D3-BF4B-00C04F79EFBC}") = "Mission06_Bullock", "Mission06_Bullock\Mission06_Bullock.csproj", "{976196B8-F932-4D1D-BF70-3E9B59B6DDE0}"
EndProject
Global
	GlobalSection(SolutionConfigurationPlatforms) = preSolution
		Debug|Any CPU = Debug|Any CPU
		Release|Any CPU = Release|Any CPU
	EndGlobalSection
	GlobalSection(ProjectConfigurationPlatforms) = postSolution
		{976196B8-F932-4D1D-BF70-3E9B59B6DDE0}.Debug|Any CPU.ActiveCfg = Debug|Any CPU
		{976196B8-F932-4D1D-BF70-3E9B59B6DDE0}.Debug|Any CPU.Build.0 = Debug|Any CPU
		{976196B8-F932-4D1D-BF70-3E9B59B6DDE0}.Release|Any CPU.ActiveCfg = Release|Any CPU
		{976196B8-F932-4D1D-BF70-3E9B59B6DDE0}.Release|Any CPU.Build.0 = Release|Any CPU
	EndGlobalSection
EndGlobal
